// !$*UTF8*$!
{
	archiveVersion = 1;
	classes = {
	};
	objectVersion = 46;
	objects = {

/* Begin PBXBuildFile section */
		4CE4B3D91C41CC100066635D /* AppDelegate.swift in Sources */ = {isa = PBXBuildFile; fileRef = 4CE4B3D81C41CC100066635D /* AppDelegate.swift */; };
		4CE4B3DB1C41CC100066635D /* ViewController.swift in Sources */ = {isa = PBXBuildFile; fileRef = 4CE4B3DA1C41CC100066635D /* ViewController.swift */; };
		4CE4B3DE1C41CC100066635D /* Main.storyboard in Resources */ = {isa = PBXBuildFile; fileRef = 4CE4B3DC1C41CC100066635D /* Main.storyboard */; };
		4CE4B3E01C41CC100066635D /* Assets.xcassets in Resources */ = {isa = PBXBuildFile; fileRef = 4CE4B3DF1C41CC100066635D /* Assets.xcassets */; };
		4CE4B3E31C41CC100066635D /* LaunchScreen.storyboard in Resources */ = {isa = PBXBuildFile; fileRef = 4CE4B3E11C41CC100066635D /* LaunchScreen.storyboard */; };
		4CE4B3EB1C41CC8F0066635D /* AvatarView.swift in Sources */ = {isa = PBXBuildFile; fileRef = 4CE4B3EA1C41CC8F0066635D /* AvatarView.swift */; };
/* End PBXBuildFile section */

/* Begin PBXFileReference section */
		4CE4B3D51C41CC100066635D /* MultiplayerSearch.app */ = {isa = PBXFileReference; explicitFileType = wrapper.application; includeInIndex = 0; path = MultiplayerSearch.app; sourceTree = BUILT_PRODUCTS_DIR; };
		4CE4B3D81C41CC100066635D /* AppDelegate.swift */ = {isa = PBXFileReference; lastKnownFileType = sourcecode.swift; path = AppDelegate.swift; sourceTree = "<group>"; };
		4CE4B3DA1C41CC100066635D /* ViewController.swift */ = {isa = PBXFileReference; lastKnownFileType = sourcecode.swift; path = ViewController.swift; sourceTree = "<group>"; };
		4CE4B3DD1C41CC100066635D /* Base */ = {isa = PBXFileReference; lastKnownFileType = file.storyboard; name = Base; path = Base.lproj/Main.storyboard; sourceTree = "<group>"; };
		4CE4B3DF1C41CC100066635D /* Assets.xcassets */ = {isa = PBXFileReference; lastKnownFileType = folder.assetcatalog; path = Assets.xcassets; sourceTree = "<group>"; };
		4CE4B3E21C41CC100066635D /* Base */ = {isa = PBXFileReference; lastKnownFileType = file.storyboard; name = Base; path = Base.lproj/LaunchScreen.storyboard; sourceTree = "<group>"; };
		4CE4B3E41C41CC100066635D /* Info.plist */ = {isa = PBXFileReference; lastKnownFileType = text.plist.xml; path = Info.plist; sourceTree = "<group>"; };
		4CE4B3EA1C41CC8F0066635D /* AvatarView.swift */ = {isa = PBXFileReference; fileEncoding = 4; lastKnownFileType = sourcecode.swift; path = AvatarView.swift; sourceTree = "<group>"; };
		4CE4B3EC1C41CD400066635D /* Arial Rounded Bold.ttf */ = {isa = PBXFileReference; lastKnownFileType = file; path = "Arial Rounded Bold.ttf"; sourceTree = "<group>"; };
/* End PBXFileReference section */

/* Begin PBXFrameworksBuildPhase section */
		4CE4B3D21C41CC100066635D /* Frameworks */ = {
			isa = PBXFrameworksBuildPhase;
			buildActionMask = 2147483647;
			files = (
			);
			runOnlyForDeploymentPostprocessing = 0;
		};
/* End PBXFrameworksBuildPhase section */

/* Begin PBXGroup section */
		4CE4B3CC1C41CC100066635D = {
			isa = PBXGroup;
			children = (
				4CE4B3ED1C41CD450066635D /* Assets */,
				4CE4B3D71C41CC100066635D /* MultiplayerSearch */,
				4CE4B3D61C41CC100066635D /* Products */,
			);
			sourceTree = "<group>";
		};
		4CE4B3D61C41CC100066635D /* Products */ = {
			isa = PBXGroup;
			children = (
				4CE4B3D51C41CC100066635D /* MultiplayerSearch.app */,
			);
			name = Products;
			sourceTree = "<group>";
		};
		4CE4B3D71C41CC100066635D /* MultiplayerSearch */ = {
			isa = PBXGroup;
			children = (
				4CE4B3EA1C41CC8F0066635D /* AvatarView.swift */,
				4CE4B3D81C41CC100066635D /* AppDelegate.swift */,
				4CE4B3DA1C41CC100066635D /* ViewController.swift */,
				4CE4B3DC1C41CC100066635D /* Main.storyboard */,
				4CE4B3DF1C41CC100066635D /* Assets.xcassets */,
				4CE4B3E11C41CC100066635D /* LaunchScreen.storyboard */,
				4CE4B3EE1C41CD720066635D /* SupportingFiles */,
			);
			path = MultiplayerSearch;
			sourceTree = "<group>";
		};
		4CE4B3ED1C41CD450066635D /* Assets */ = {
			isa = PBXGroup;
			children = (
				4CE4B3EC1C41CD400066635D /* Arial Rounded Bold.ttf */,
			);
			name = Assets;
			sourceTree = "<group>";
		};
		4CE4B3EE1C41CD720066635D /* SupportingFiles */ = {
			isa = PBXGroup;
			children = (
				4CE4B3E41C41CC100066635D /* Info.plist */,
			);
			name = SupportingFiles;
			sourceTree = "<group>";
		};
/* End PBXGroup section */

/* Begin PBXNativeTarget section */
		4CE4B3D41C41CC100066635D /* MultiplayerSearch */ = {
			isa = PBXNativeTarget;
			buildConfigurationList = 4CE4B3E71C41CC100066635D /* Build configuration list for PBXNativeTarget "MultiplayerSearch" */;
			buildPhases = (
				4CE4B3D11C41CC100066635D /* Sources */,
				4CE4B3D21C41CC100066635D /* Frameworks */,
				4CE4B3D31C41CC100066635D /* Resources */,
			);
			buildRules = (
			);
			dependencies = (
			);
			name = MultiplayerSearch;
			productName = MultiplayerSearch;
			productReference = 4CE4B3D51C41CC100066635D /* MultiplayerSearch.app */;
			productType = "com.apple.product-type.application";
		};
/* End PBXNativeTarget section */

/* Begin PBXProject section */
		4CE4B3CD1C41CC100066635D /* Project object */ = {
			isa = PBXProject;
			attributes = {
				LastSwiftUpdateCheck = 0720;
				LastUpgradeCheck = 0720;
				ORGANIZATIONNAME = "Travis Gillespie";
				TargetAttributes = {
					4CE4B3D41C41CC100066635D = {
						CreatedOnToolsVersion = 7.2;
						DevelopmentTeam = 6M95FE4MYR;
					};
				};
			};
			buildConfigurationList = 4CE4B3D01C41CC100066635D /* Build configuration list for PBXProject "MultiplayerSearch" */;
			compatibilityVersion = "Xcode 3.2";
			developmentRegion = English;
			hasScannedForEncodings = 0;
			knownRegions = (
				en,
				Base,
			);
			mainGroup = 4CE4B3CC1C41CC100066635D;
			productRefGroup = 4CE4B3D61C41CC100066635D /* Products */;
			projectDirPath = "";
			projectRoot = "";
			targets = (
				4CE4B3D41C41CC100066635D /* MultiplayerSearch */,
			);
		};
/* End PBXProject section */

/* Begin PBXResourcesBuildPhase section */
		4CE4B3D31C41CC100066635D /* Resources */ = {
			isa = PBXResourcesBuildPhase;
			buildActionMask = 2147483647;
			files = (
				4CE4B3E31C41CC100066635D /* LaunchScreen.storyboard in Resources */,
				4CE4B3E01C41CC100066635D /* Assets.xcassets in Resources */,
				4CE4B3DE1C41CC100066635D /* Main.storyboard in Resources */,
			);
			runOnlyForDeploymentPostprocessing = 0;
		};
/* End PBXResourcesBuildPhase section */

/* Begin PBXSourcesBuildPhase section */
		4CE4B3D11C41CC100066635D /* Sources */ = {
			isa = PBXSourcesBuildPhase;
			buildActionMask = 2147483647;
			files = (
				4CE4B3DB1C41CC100066635D /* ViewController.swift in Sources */,
				4CE4B3EB1C41CC8F0066635D /* AvatarView.swift in Sources */,
				4CE4B3D91C41CC100066635D /* AppDelegate.swift in Sources */,
			);
			runOnlyForDeploymentPostprocessing = 0;
		};
/* End PBXSourcesBuildPhase section */

/* Begin PBXVariantGroup section */
		4CE4B3DC1C41CC100066635D /* Main.storyboard */ = {
			isa = PBXVariantGroup;
			children = (
				4CE4B3DD1C41CC100066635D /* Base */,
			);
			name = Main.storyboard;
			sourceTree = "<group>";
		};
		4CE4B3E11C41CC100066635D /* LaunchScreen.storyboard */ = {
			isa = PBXVariantGroup;
			children = (
				4CE4B3E21C41CC100066635D /* Base */,
			);
			name = LaunchScreen.storyboard;
			sourceTree = "<group>";
		};
/* End PBXVariantGroup section */

/* Begin XCBuildConfiguration section */
		4CE4B3E51C41CC100066635D /* Debug */ = {
			isa = XCBuildConfiguration;
			buildSettings = {
				ALWAYS_SEARCH_USER_PATHS = NO;
				CLANG_CXX_LANGUAGE_STANDARD = "gnu++0x";
				CLANG_CXX_LIBRARY = "libc++";
				CLANG_ENABLE_MODULES = YES;
				CLANG_ENABLE_OBJC_ARC = YES;
				CLANG_WARN_BOOL_CONVERSION = YES;
				CLANG_WARN_CONSTANT_CONVERSION = YES;
				CLANG_WARN_DIRECT_OBJC_ISA_USAGE = YES_ERROR;
				CLANG_WARN_EMPTY_BODY = YES;
				CLANG_WARN_ENUM_CONVERSION = YES;
				CLANG_WARN_INT_CONVERSION = YES;
				CLANG_WARN_OBJC_ROOT_CLASS = YES_ERROR;
				CLANG_WARN_UNREACHABLE_CODE = YES;
				CLANG_WARN__DUPLICATE_METHOD_MATCH = YES;
				"CODE_SIGN_IDENTITY[sdk=iphoneos*]" = "iPhone Developer";
				COPY_PHASE_STRIP = NO;
				DEBUG_INFORMATION_FORMAT = dwarf;
				ENABLE_STRICT_OBJC_MSGSEND = YES;
				ENABLE_TESTABILITY = YES;
				GCC_C_LANGUAGE_STANDARD = gnu99;
				GCC_DYNAMIC_NO_PIC = NO;
				GCC_NO_COMMON_BLOCKS = YES;
				GCC_OPTIMIZATION_LEVEL = 0;
				GCC_PREPROCESSOR_DEFINITIONS = (
					"DEBUG=1",
					"$(inherited)",
				);
				GCC_WARN_64_TO_32_BIT_CONVERSION = YES;
				GCC_WARN_ABOUT_RETURN_TYPE = YES_ERROR;
				GCC_WARN_UNDECLARED_SELECTOR = YES;
				GCC_WARN_UNINITIALIZED_AUTOS = YES_AGGRESSIVE;
				GCC_WARN_UNUSED_FUNCTION = YES;
				GCC_WARN_UNUSED_VARIABLE = YES;
				IPHONEOS_DEPLOYMENT_TARGET = 9.2;
				MTL_ENABLE_DEBUG_INFO = YES;
				ONLY_ACTIVE_ARCH = YES;
				SDKROOT = iphoneos;
				SWIFT_OPTIMIZATION_LEVEL = "-Onone";
			};
			name = Debug;
		};
		4CE4B3E61C41CC100066635D /* Release */ = {
			isa = XCBuildConfiguration;
			buildSettings = {
				ALWAYS_SEARCH_USER_PATHS = NO;
				CLANG_CXX_LANGUAGE_STANDARD = "gnu++0x";
				CLANG_CXX_LIBRARY = "libc++";
				CLANG_ENABLE_MODULES = YES;
				CLANG_ENABLE_OBJC_ARC = YES;
				CLANG_WARN_BOOL_CONVERSION = YES;
				CLANG_WARN_CONSTANT_CONVERSION = YES;
				CLANG_WARN_DIRECT_OBJC_ISA_USAGE = YES_ERROR;
				CLANG_WARN_EMPTY_BODY = YES;
				CLANG_WARN_ENUM_CONVERSION = YES;
				CLANG_WARN_INT_CONVERSION = YES;
				CLANG_WARN_OBJC_ROOT_CLASS = YES_ERROR;
				CLANG_WARN_UNREACHABLE_CODE = YES;
				CLANG_WARN__DUPLICATE_METHOD_MATCH = YES;
				"CODE_SIGN_IDENTITY[sdk=iphoneos*]" = "iPhone Developer";
				COPY_PHASE_STRIP = NO;
				DEBUG_INFORMATION_FORMAT = "dwarf-with-dsym";
				ENABLE_NS_ASSERTIONS = NO;
				ENABLE_STRICT_OBJC_MSGSEND = YES;
				GCC_C_LANGUAGE_STANDARD = gnu99;
				GCC_NO_COMMON_BLOCKS = YES;
				GCC_WARN_64_TO_32_BIT_CONVERSION = YES;
				GCC_WARN_ABOUT_RETURN_TYPE = YES_ERROR;
				GCC_WARN_UNDECLARED_SELECTOR = YES;
				GCC_WARN_UNINITIALIZED_AUTOS = YES_AGGRESSIVE;
				GCC_WARN_UNUSED_FUNCTION = YES;
				GCC_WARN_UNUSED_VARIABLE = YES;
				IPHONEOS_DEPLOYMENT_TARGET = 9.2;
				MTL_ENABLE_DEBUG_INFO = NO;
				SDKROOT = iphoneos;
				VALIDATE_PRODUCT = YES;
			};
			name = Release;
		};
		4CE4B3E81C41CC100066635D /* Debug */ = {
			isa = XCBuildConfiguration;
			buildSettings = {
				ASSETCATALOG_COMPILER_APPICON_NAME = AppIcon;
				INFOPLIST_FILE = MultiplayerSearch/Info.plist;
				LD_RUNPATH_SEARCH_PATHS = "$(inherited) @executable_path/Frameworks";
				PRODUCT_BUNDLE_IDENTIFIER = com.travisgillespie.MultiplayerSearch;
				PRODUCT_NAME = "$(TARGET_NAME)";
			};
			name = Debug;
		};
		4CE4B3E91C41CC100066635D /* Release */ = {
			isa = XCBuildConfiguration;
			buildSettings = {
				ASSETCATALOG_COMPILER_APPICON_NAME = AppIcon;
				INFOPLIST_FILE = MultiplayerSearch/Info.plist;
				LD_RUNPATH_SEARCH_PATHS = "$(inherited) @executable_path/Frameworks";
				PRODUCT_BUNDLE_IDENTIFIER = com.travisgillespie.MultiplayerSearch;
				PRODUCT_NAME = "$(TARGET_NAME)";
			};
			name = Release;
		};
/* End XCBuildConfiguration section */

/* Begin XCConfigurationList section */
		4CE4B3D01C41CC100066635D /* Build configuration list for PBXProject "MultiplayerSearch" */ = {
			isa = XCConfigurationList;
			buildConfigurations = (
				4CE4B3E51C41CC100066635D /* Debug */,
				4CE4B3E61C41CC100066635D /* Release */,
			);
			defaultConfigurationIsVisible = 0;
			defaultConfigurationName = Release;
		};
		4CE4B3E71C41CC100066635D /* Build configuration list for PBXNativeTarget "MultiplayerSearch" */ = {
			isa = XCConfigurationList;
			buildConfigurations = (
				4CE4B3E81C41CC100066635D /* Debug */,
				4CE4B3E91C41CC100066635D /* Release */,
			);
			defaultConfigurationIsVisible = 0;
			defaultConfigurationName = Release;
		};
/* End XCConfigurationList section */
	};
	rootObject = 4CE4B3CD1C41CC100066635D /* Project object */;
}
